
Microsoft Visual Studio Solution File, Format Version 12.00
# Visual Studio 15
Project("{FAE04EC0-301F-11D3-BF4B-00C04F79EFBC}") = "Assembly-CSharp-firstpass", "Assembly-CSharp-firstpass.csproj", "{FADD5389-93D2-41CE-8CA2-BE07CAD8BBAD}"
EndProject
Project("{FAE04EC0-301F-11D3-BF4B-00C04F79EFBC}") = "Assembly-CSharp", "Assembly-CSharp.csproj", "{0EEC8C5A-5553-F8BD-7BFC-D5A0D2D09F58}"
EndProject
Project("{FAE04EC0-301F-11D3-BF4B-00C04F79EFBC}") = "Assembly-CSharp-Editor-firstpass", "Assembly-CSharp-Editor-firstpass.csproj", "{060F2C88-F211-F61C-75B1-ACF8632C0864}"
EndProject
Global
	GlobalSection(SolutionConfigurationPlatforms) = preSolution
		Debug|Any CPU = Debug|Any CPU
		Release|Any CPU = Release|Any CPU
	EndGlobalSection
	GlobalSection(ProjectConfigurationPlatforms) = postSolution
		{FADD5389-93D2-41CE-8CA2-BE07CAD8BBAD}.Debug|Any CPU.ActiveCfg = Debug|Any CPU
		{FADD5389-93D2-41CE-8CA2-BE07CAD8BBAD}.Debug|Any CPU.Build.0 = Debug|Any CPU
		{FADD5389-93D2-41CE-8CA2-BE07CAD8BBAD}.Release|Any CPU.ActiveCfg = Release|Any CPU
		{FADD5389-93D2-41CE-8CA2-BE07CAD8BBAD}.Release|Any CPU.Build.0 = Release|Any CPU
		{0EEC8C5A-5553-F8BD-7BFC-D5A0D2D09F58}.Debug|Any CPU.ActiveCfg = Debug|Any CPU
		{0EEC8C5A-5553-F8BD-7BFC-D5A0D2D09F58}.Debug|Any CPU.Build.0 = Debug|Any CPU
		{0EEC8C5A-5553-F8BD-7BFC-D5A0D2D09F58}.Release|Any CPU.ActiveCfg = Release|Any CPU
		{0EEC8C5A-5553-F8BD-7BFC-D5A0D2D09F58}.Release|Any CPU.Build.0 = Release|Any CPU
		{060F2C88-F211-F61C-75B1-ACF8632C0864}.Debug|Any CPU.ActiveCfg = Debug|Any CPU
		{060F2C88-F211-F61C-75B1-ACF8632C0864}.Debug|Any CPU.Build.0 = Debug|Any CPU
		{060F2C88-F211-F61C-75B1-ACF8632C0864}.Release|Any CPU.ActiveCfg = Release|Any CPU
		{060F2C88-F211-F61C-75B1-ACF8632C0864}.Release|Any CPU.Build.0 = Release|Any CPU
	EndGlobalSection
	GlobalSection(SolutionProperties) = preSolution
		HideSolutionNode = FALSE
	EndGlobalSection
EndGlobal
